
Microsoft Visual Studio Solution File, Format Version 11.00
# Visual Studio 2010
Project("{159641D6-6404-4A2A-AE62-294DE0FE8301}") = "SendMail", "SendMail\SendMail.dtproj", "{5E927157-50D0-4FF9-863F-64D607EFF72F}"
EndProject
Global
	GlobalSection(SolutionConfigurationPlatforms) = preSolution
		Development|Default = Development|Default
	EndGlobalSection
	GlobalSection(ProjectConfigurationPlatforms) = postSolution
		{5E927157-50D0-4FF9-863F-64D607EFF72F}.Development|Default.ActiveCfg = Development
		{5E927157-50D0-4FF9-863F-64D607EFF72F}.Development|Default.Build.0 = Development
	EndGlobalSection
	GlobalSection(SolutionProperties) = preSolution
		HideSolutionNode = FALSE
	EndGlobalSection
EndGlobal
